
Microsoft Visual Studio Solution File, Format Version 12.00
# Visual Studio 15
VisualStudioVersion = 15.0.26403.7
MinimumVisualStudioVersion = 10.0.40219.1
Project("{FAE04EC0-301F-11D3-BF4B-00C04F79EFBC}") = "NanoBuilder.UnitTests", "NanoBuilder.UnitTests\NanoBuilder.UnitTests.csproj", "{DD77680F-C452-4401-BA3A-1B4979356934}"
EndProject
Project("{FAE04EC0-301F-11D3-BF4B-00C04F79EFBC}") = "NanoBuilder.AcceptanceTests", "NanoBuilder.AcceptanceTests\NanoBuilder.AcceptanceTests.csproj", "{7082CF39-268E-4F8C-85F3-79366DAE6790}"
EndProject
Project("{FAE04EC0-301F-11D3-BF4B-00C04F79EFBC}") = "NanoBuilder.Stubs", "NanoBuilder.Stubs\NanoBuilder.Stubs.csproj", "{133DB86F-FF3E-4A8D-B815-84DD2C4C68EF}"
EndProject
Project("{FAE04EC0-301F-11D3-BF4B-00C04F79EFBC}") = "NanoBuilder", "NanoBuilder\NanoBuilder.csproj", "{3364A77B-D5E2-48F3-B6EC-BA6991F0B797}"
EndProject
Global
	GlobalSection(SolutionConfigurationPlatforms) = preSolution
		Debug|Any CPU = Debug|Any CPU
		Release|Any CPU = Release|Any CPU
	EndGlobalSection
	GlobalSection(ProjectConfigurationPlatforms) = postSolution
		{DD77680F-C452-4401-BA3A-1B4979356934}.Debug|Any CPU.ActiveCfg = Debug|Any CPU
		{DD77680F-C452-4401-BA3A-1B4979356934}.Debug|Any CPU.Build.0 = Debug|Any CPU
		{DD77680F-C452-4401-BA3A-1B4979356934}.Release|Any CPU.ActiveCfg = Release|Any CPU
		{DD77680F-C452-4401-BA3A-1B4979356934}.Release|Any CPU.Build.0 = Release|Any CPU
		{7082CF39-268E-4F8C-85F3-79366DAE6790}.Debug|Any CPU.ActiveCfg = Debug|Any CPU
		{7082CF39-268E-4F8C-85F3-79366DAE6790}.Debug|Any CPU.Build.0 = Debug|Any CPU
		{7082CF39-268E-4F8C-85F3-79366DAE6790}.Release|Any CPU.ActiveCfg = Release|Any CPU
		{7082CF39-268E-4F8C-85F3-79366DAE6790}.Release|Any CPU.Build.0 = Release|Any CPU
		{133DB86F-FF3E-4A8D-B815-84DD2C4C68EF}.Debug|Any CPU.ActiveCfg = Debug|Any CPU
		{133DB86F-FF3E-4A8D-B815-84DD2C4C68EF}.Debug|Any CPU.Build.0 = Debug|Any CPU
		{133DB86F-FF3E-4A8D-B815-84DD2C4C68EF}.Release|Any CPU.ActiveCfg = Release|Any CPU
		{133DB86F-FF3E-4A8D-B815-84DD2C4C68EF}.Release|Any CPU.Build.0 = Release|Any CPU
		{3364A77B-D5E2-48F3-B6EC-BA6991F0B797}.Debug|Any CPU.ActiveCfg = Debug|Any CPU
		{3364A77B-D5E2-48F3-B6EC-BA6991F0B797}.Debug|Any CPU.Build.0 = Debug|Any CPU
		{3364A77B-D5E2-48F3-B6EC-BA6991F0B797}.Release|Any CPU.ActiveCfg = Release|Any CPU
		{3364A77B-D5E2-48F3-B6EC-BA6991F0B797}.Release|Any CPU.Build.0 = Release|Any CPU
	EndGlobalSection
	GlobalSection(SolutionProperties) = preSolution
		HideSolutionNode = FALSE
	EndGlobalSection
EndGlobal
